
Microsoft Visual Studio Solution File, Format Version 12.00
# Visual Studio 15
VisualStudioVersion = 15.0.27428.2037
MinimumVisualStudioVersion = 10.0.40219.1
Project("{FAE04EC0-301F-11D3-BF4B-00C04F79EFBC}") = "AdapterPattern", "AdapterPattern\AdapterPattern.csproj", "{37E93668-7455-4DBE-8C0A-2ED70CE15E7D}"
EndProject
Project("{FAE04EC0-301F-11D3-BF4B-00C04F79EFBC}") = "BridgePattern", "BridgePattern\BridgePattern.csproj", "{3FE3F912-0885-48BD-833D-BB34C2D50EBC}"
EndProject
Project("{FAE04EC0-301F-11D3-BF4B-00C04F79EFBC}") = "BuilderPattern", "BuilderPattern\BuilderPattern.csproj", "{020D7AE6-1EEF-485A-A503-6E0828F85634}"
EndProject
Global
	GlobalSection(SolutionConfigurationPlatforms) = preSolution
		Debug|Any CPU = Debug|Any CPU
		Release|Any CPU = Release|Any CPU
	EndGlobalSection
	GlobalSection(ProjectConfigurationPlatforms) = postSolution
		{37E93668-7455-4DBE-8C0A-2ED70CE15E7D}.Debug|Any CPU.ActiveCfg = Debug|Any CPU
		{37E93668-7455-4DBE-8C0A-2ED70CE15E7D}.Debug|Any CPU.Build.0 = Debug|Any CPU
		{37E93668-7455-4DBE-8C0A-2ED70CE15E7D}.Release|Any CPU.ActiveCfg = Release|Any CPU
		{37E93668-7455-4DBE-8C0A-2ED70CE15E7D}.Release|Any CPU.Build.0 = Release|Any CPU
		{3FE3F912-0885-48BD-833D-BB34C2D50EBC}.Debug|Any CPU.ActiveCfg = Debug|Any CPU
		{3FE3F912-0885-48BD-833D-BB34C2D50EBC}.Debug|Any CPU.Build.0 = Debug|Any CPU
		{3FE3F912-0885-48BD-833D-BB34C2D50EBC}.Release|Any CPU.ActiveCfg = Release|Any CPU
		{3FE3F912-0885-48BD-833D-BB34C2D50EBC}.Release|Any CPU.Build.0 = Release|Any CPU
		{020D7AE6-1EEF-485A-A503-6E0828F85634}.Debug|Any CPU.ActiveCfg = Debug|Any CPU
		{020D7AE6-1EEF-485A-A503-6E0828F85634}.Debug|Any CPU.Build.0 = Debug|Any CPU
		{020D7AE6-1EEF-485A-A503-6E0828F85634}.Release|Any CPU.ActiveCfg = Release|Any CPU
		{020D7AE6-1EEF-485A-A503-6E0828F85634}.Release|Any CPU.Build.0 = Release|Any CPU
	EndGlobalSection
	GlobalSection(SolutionProperties) = preSolution
		HideSolutionNode = FALSE
	EndGlobalSection
	GlobalSection(ExtensibilityGlobals) = postSolution
		SolutionGuid = {13B71335-9188-4BD6-83D7-E2C6DD9A8765}
	EndGlobalSection
EndGlobal
